{
  "lockfile-version": 1,
  "manifest": {
    "version": 1,
    "install": {
      "chromium": {
        "pkg-path": "chromium",
        "systems": [
          "x86_64-linux",
          "aarch64-linux"
        ]
      },
      "just": {
        "pkg-path": "just"
      },
      "mermaid-cli": {
        "pkg-path": "mermaid-cli"
      },
      "python3": {
        "pkg-path": "python3"
      },
      "uv": {
        "pkg-path": "uv"
      }
    },
    "hook": {},
    "profile": {},
    "options": {},
    "services": {
      "http-server": {
        "command": "cd $FLOX_ENV_PROJECT && uv run python3 -m http.server 3000"
      }
    },
    "build": {
      "spdx-to-mermaid": {
        "command": "  set -e\n\n  # Change to package directory\n  cd package\n\n  # Build the Python package using uv\n  uv build --out-dir dist\n\n  # Create output directories\n  mkdir -p $out/bin\n  mkdir -p $out/lib/python3.13/site-packages\n\n  # Install the wheel to the output location\n  WHEEL_FILE=$(ls dist/*.whl)\n  uv pip install --no-deps --target $out/lib/python3.13/site-packages \"$WHEEL_FILE\"\n\n  # Install runtime dependencies\n  uv pip install --target $out/lib/python3.13/site-packages \"spdx-tools>=0.8.3\"\n\n  # Create a wrapper script that sets up PYTHONPATH\n  cat > $out/bin/spdx-to-mermaid << 'EOF'\n#!/usr/bin/env bash\nSCRIPT_DIR=\"$(cd \"$(dirname \"${BASH_SOURCE[0]}\")\" && pwd)\"\nexport PYTHONPATH=\"$SCRIPT_DIR/../lib/python3.13/site-packages:$PYTHONPATH\"\nexec python3 -m src.spdx_to_mermaid \"$@\"\nEOF\n\n  chmod +x $out/bin/spdx-to-mermaid\n\n  echo \"✓ Built spdx-to-mermaid CLI tool\"\n  echo \"  - Executable: $out/bin/spdx-to-mermaid\"\n  echo \"  - Runtime dependency: python3\"\n",
        "runtime-packages": [
          "python3"
        ],
        "sandbox": "off",
        "version": "0.1.0",
        "description": "Convert SPDX files to Mermaid diagrams"
      }
    }
  },
  "packages": [
    {
      "attr_path": "chromium",
      "broken": false,
      "derivation": "/nix/store/90i3f88lhjan28pdfw4x0hpddv640sz0-chromium-142.0.7444.59.drv",
      "description": "Open source web browser from Google",
      "install_id": "chromium",
      "license": "BSD-3-Clause",
      "locked_url": "https://github.com/flox/nixpkgs?rev=b3d51a0365f6695e7dd5cdf3e180604530ed33b4",
      "name": "chromium-142.0.7444.59",
      "pname": "chromium",
      "rev": "b3d51a0365f6695e7dd5cdf3e180604530ed33b4",
      "rev_count": 888552,
      "rev_date": "2025-11-02T19:18:41Z",
      "scrape_date": "2025-11-05T16:28:57.649470Z",
      "stabilities": [
        "unstable"
      ],
      "unfree": false,
      "version": "142.0.7444.59",
      "outputs_to_install": [
        "out"
      ],
      "outputs": {
        "out": "/nix/store/j292mp595k3l5wy1gh5nx5i4l327d3iw-chromium-142.0.7444.59",
        "sandbox": "/nix/store/hsns1zvgcf2d0gjsh5nvzyvhnnkn24qx-chromium-142.0.7444.59-sandbox"
      },
      "system": "aarch64-linux",
      "group": "toplevel",
      "priority": 5
    },
    {
      "attr_path": "chromium",
      "broken": false,
      "derivation": "/nix/store/kjjx24pgqi120fsxlclwhd9340f6bpgh-chromium-142.0.7444.59.drv",
      "description": "Open source web browser from Google",
      "install_id": "chromium",
      "license": "BSD-3-Clause",
      "locked_url": "https://github.com/flox/nixpkgs?rev=b3d51a0365f6695e7dd5cdf3e180604530ed33b4",
      "name": "chromium-142.0.7444.59",
      "pname": "chromium",
      "rev": "b3d51a0365f6695e7dd5cdf3e180604530ed33b4",
      "rev_count": 888552,
      "rev_date": "2025-11-02T19:18:41Z",
      "scrape_date": "2025-11-05T17:20:46.951093Z",
      "stabilities": [
        "unstable"
      ],
      "unfree": false,
      "version": "142.0.7444.59",
      "outputs_to_install": [
        "out"
      ],
      "outputs": {
        "out": "/nix/store/bj09y0p98p3rw6bzplmbawdywi4yb8wk-chromium-142.0.7444.59",
        "sandbox": "/nix/store/46lfqsgr5z5i5yyy29dz5f844frc506j-chromium-142.0.7444.59-sandbox"
      },
      "system": "x86_64-linux",
      "group": "toplevel",
      "priority": 5
    },
    {
      "attr_path": "just",
      "broken": false,
      "derivation": "/nix/store/vph8kksczmz6spp74fppqq7c5mlm3pnz-just-1.43.0.drv",
      "description": "Handy way to save and run project-specific commands",
      "install_id": "just",
      "license": "CC0-1.0",
      "locked_url": "https://github.com/flox/nixpkgs?rev=b3d51a0365f6695e7dd5cdf3e180604530ed33b4",
      "name": "just-1.43.0",
      "pname": "just",
      "rev": "b3d51a0365f6695e7dd5cdf3e180604530ed33b4",
      "rev_count": 888552,
      "rev_date": "2025-11-02T19:18:41Z",
      "scrape_date": "2025-11-04T00:35:33.308146Z",
      "stabilities": [
        "unstable"
      ],
      "unfree": false,
      "version": "1.43.0",
      "outputs_to_install": [
        "man",
        "out"
      ],
      "outputs": {
        "doc": "/nix/store/10ksvsgsl1bgsjb4lj0bfhll90pm2fl5-just-1.43.0-doc",
        "man": "/nix/store/68wlq1vznxmb6v3frwy1skwc44h24hj1-just-1.43.0-man",
        "out": "/nix/store/7bs66yy7i31k1q2sbi61mm1jpbnvk9da-just-1.43.0"
      },
      "system": "aarch64-darwin",
      "group": "toplevel",
      "priority": 5
    },
    {
      "attr_path": "just",
      "broken": false,
      "derivation": "/nix/store/n3lbvc5xah2labc1m570x9j8g4jvs1wj-just-1.43.0.drv",
      "description": "Handy way to save and run project-specific commands",
      "install_id": "just",
      "license": "CC0-1.0",
      "locked_url": "https://github.com/flox/nixpkgs?rev=b3d51a0365f6695e7dd5cdf3e180604530ed33b4",
      "name": "just-1.43.0",
      "pname": "just",
      "rev": "b3d51a0365f6695e7dd5cdf3e180604530ed33b4",
      "rev_count": 888552,
      "rev_date": "2025-11-02T19:18:41Z",
      "scrape_date": "2025-11-05T16:29:18.798193Z",
      "stabilities": [
        "unstable"
      ],
      "unfree": false,
      "version": "1.43.0",
      "outputs_to_install": [
        "man",
        "out"
      ],
      "outputs": {
        "doc": "/nix/store/04fi9z40qln84rwkrww36cfc6a34bw8v-just-1.43.0-doc",
        "man": "/nix/store/l0pj7gw81g1hpg85rv0gq6fs2jcfm80g-just-1.43.0-man",
        "out": "/nix/store/a0f2aq42jlv1lh0nn0hlanhxq4sjwq99-just-1.43.0"
      },
      "system": "aarch64-linux",
      "group": "toplevel",
      "priority": 5
    },
    {
      "attr_path": "just",
      "broken": false,
      "derivation": "/nix/store/vn7dn2cjlm8dpn69qrs225pwdycm9q4v-just-1.43.0.drv",
      "description": "Handy way to save and run project-specific commands",
      "install_id": "just",
      "license": "CC0-1.0",
      "locked_url": "https://github.com/flox/nixpkgs?rev=b3d51a0365f6695e7dd5cdf3e180604530ed33b4",
      "name": "just-1.43.0",
      "pname": "just",
      "rev": "b3d51a0365f6695e7dd5cdf3e180604530ed33b4",
      "rev_count": 888552,
      "rev_date": "2025-11-02T19:18:41Z",
      "scrape_date": "2025-11-05T16:55:13.165799Z",
      "stabilities": [
        "unstable"
      ],
      "unfree": false,
      "version": "1.43.0",
      "outputs_to_install": [
        "man",
        "out"
      ],
      "outputs": {
        "doc": "/nix/store/i75gir70s710c2jb2ax9icg9zc0xps6w-just-1.43.0-doc",
        "man": "/nix/store/y5ah44dhjsznkm09bxfq09v5yhysly0d-just-1.43.0-man",
        "out": "/nix/store/czixgh95zgkl19qlgrgrp4i9cbfl4s9n-just-1.43.0"
      },
      "system": "x86_64-darwin",
      "group": "toplevel",
      "priority": 5
    },
    {
      "attr_path": "just",
      "broken": false,
      "derivation": "/nix/store/vka5fsz3lkg8xn8r0h6lqhvnfi3qm4ym-just-1.43.0.drv",
      "description": "Handy way to save and run project-specific commands",
      "install_id": "just",
      "license": "CC0-1.0",
      "locked_url": "https://github.com/flox/nixpkgs?rev=b3d51a0365f6695e7dd5cdf3e180604530ed33b4",
      "name": "just-1.43.0",
      "pname": "just",
      "rev": "b3d51a0365f6695e7dd5cdf3e180604530ed33b4",
      "rev_count": 888552,
      "rev_date": "2025-11-02T19:18:41Z",
      "scrape_date": "2025-11-05T17:21:09.371436Z",
      "stabilities": [
        "unstable"
      ],
      "unfree": false,
      "version": "1.43.0",
      "outputs_to_install": [
        "man",
        "out"
      ],
      "outputs": {
        "doc": "/nix/store/21i9bih900kw3clpc25ni37rdfyblgd2-just-1.43.0-doc",
        "man": "/nix/store/pj7l9s5z7vj1nh96s7p3ncxg777rhzw2-just-1.43.0-man",
        "out": "/nix/store/k5q96fd99bnxw0k4n2d0xbvklyqb86nr-just-1.43.0"
      },
      "system": "x86_64-linux",
      "group": "toplevel",
      "priority": 5
    },
    {
      "attr_path": "mermaid-cli",
      "broken": false,
      "derivation": "/nix/store/laf6bcvjp4cl2fgacb9kxj583z0wvyix-mermaid-cli-11.12.0.drv",
      "description": "Generation of diagrams from text in a similar manner as markdown",
      "install_id": "mermaid-cli",
      "license": "MIT",
      "locked_url": "https://github.com/flox/nixpkgs?rev=b3d51a0365f6695e7dd5cdf3e180604530ed33b4",
      "name": "mermaid-cli-11.12.0",
      "pname": "mermaid-cli",
      "rev": "b3d51a0365f6695e7dd5cdf3e180604530ed33b4",
      "rev_count": 888552,
      "rev_date": "2025-11-02T19:18:41Z",
      "scrape_date": "2025-11-04T00:35:38.130202Z",
      "stabilities": [
        "unstable"
      ],
      "unfree": false,
      "version": "11.12.0",
      "outputs_to_install": [
        "out"
      ],
      "outputs": {
        "out": "/nix/store/mri1mrl657p3dl8l4wclybwcgbz978ab-mermaid-cli-11.12.0"
      },
      "system": "aarch64-darwin",
      "group": "toplevel",
      "priority": 5
    },
    {
      "attr_path": "mermaid-cli",
      "broken": false,
      "derivation": "/nix/store/b9lbnrpdn4s5ilpzz8dj2bpf54n66bic-mermaid-cli-11.12.0.drv",
      "description": "Generation of diagrams from text in a similar manner as markdown",
      "install_id": "mermaid-cli",
      "license": "MIT",
      "locked_url": "https://github.com/flox/nixpkgs?rev=b3d51a0365f6695e7dd5cdf3e180604530ed33b4",
      "name": "mermaid-cli-11.12.0",
      "pname": "mermaid-cli",
      "rev": "b3d51a0365f6695e7dd5cdf3e180604530ed33b4",
      "rev_count": 888552,
      "rev_date": "2025-11-02T19:18:41Z",
      "scrape_date": "2025-11-05T16:29:31.268932Z",
      "stabilities": [
        "unstable"
      ],
      "unfree": false,
      "version": "11.12.0",
      "outputs_to_install": [
        "out"
      ],
      "outputs": {
        "out": "/nix/store/rn7qwm6ipdb0d7qhif68dvb129yr9nhh-mermaid-cli-11.12.0"
      },
      "system": "aarch64-linux",
      "group": "toplevel",
      "priority": 5
    },
    {
      "attr_path": "mermaid-cli",
      "broken": false,
      "derivation": "/nix/store/xayxhxzk44sqyqk04drkcy0nv2warlja-mermaid-cli-11.12.0.drv",
      "description": "Generation of diagrams from text in a similar manner as markdown",
      "install_id": "mermaid-cli",
      "license": "MIT",
      "locked_url": "https://github.com/flox/nixpkgs?rev=b3d51a0365f6695e7dd5cdf3e180604530ed33b4",
      "name": "mermaid-cli-11.12.0",
      "pname": "mermaid-cli",
      "rev": "b3d51a0365f6695e7dd5cdf3e180604530ed33b4",
      "rev_count": 888552,
      "rev_date": "2025-11-02T19:18:41Z",
      "scrape_date": "2025-11-05T16:55:17.869543Z",
      "stabilities": [
        "unstable"
      ],
      "unfree": false,
      "version": "11.12.0",
      "outputs_to_install": [
        "out"
      ],
      "outputs": {
        "out": "/nix/store/ca7sdr5l58nap31am88isxx7rn6xadv7-mermaid-cli-11.12.0"
      },
      "system": "x86_64-darwin",
      "group": "toplevel",
      "priority": 5
    },
    {
      "attr_path": "mermaid-cli",
      "broken": false,
      "derivation": "/nix/store/qrndrk27bl93qghgix108r8ymg33a0xa-mermaid-cli-11.12.0.drv",
      "description": "Generation of diagrams from text in a similar manner as markdown",
      "install_id": "mermaid-cli",
      "license": "MIT",
      "locked_url": "https://github.com/flox/nixpkgs?rev=b3d51a0365f6695e7dd5cdf3e180604530ed33b4",
      "name": "mermaid-cli-11.12.0",
      "pname": "mermaid-cli",
      "rev": "b3d51a0365f6695e7dd5cdf3e180604530ed33b4",
      "rev_count": 888552,
      "rev_date": "2025-11-02T19:18:41Z",
      "scrape_date": "2025-11-05T17:21:23.838307Z",
      "stabilities": [
        "unstable"
      ],
      "unfree": false,
      "version": "11.12.0",
      "outputs_to_install": [
        "out"
      ],
      "outputs": {
        "out": "/nix/store/zd6kylch11ahdj6mxqmmrqhds3rr01kw-mermaid-cli-11.12.0"
      },
      "system": "x86_64-linux",
      "group": "toplevel",
      "priority": 5
    },
    {
      "attr_path": "python3",
      "broken": false,
      "derivation": "/nix/store/3myrb1pixxdm651xcsghs4p6syz0rx9i-python3-3.13.8.drv",
      "description": "High-level dynamically-typed programming language",
      "install_id": "python3",
      "license": "Python-2.0",
      "locked_url": "https://github.com/flox/nixpkgs?rev=b3d51a0365f6695e7dd5cdf3e180604530ed33b4",
      "name": "python3-3.13.8",
      "pname": "python3",
      "rev": "b3d51a0365f6695e7dd5cdf3e180604530ed33b4",
      "rev_count": 888552,
      "rev_date": "2025-11-02T19:18:41Z",
      "scrape_date": "2025-11-04T00:35:56.837163Z",
      "stabilities": [
        "unstable"
      ],
      "unfree": false,
      "version": "3.13.8",
      "outputs_to_install": [
        "out"
      ],
      "outputs": {
        "out": "/nix/store/s7ik6dazn4nd2jdg9l36qf5q0z18sjyk-python3-3.13.8"
      },
      "system": "aarch64-darwin",
      "group": "toplevel",
      "priority": 5
    },
    {
      "attr_path": "python3",
      "broken": false,
      "derivation": "/nix/store/4sjw3f3s8nf705jpcvvsh3ibpicqj8cb-python3-3.13.8.drv",
      "description": "High-level dynamically-typed programming language",
      "install_id": "python3",
      "license": "Python-2.0",
      "locked_url": "https://github.com/flox/nixpkgs?rev=b3d51a0365f6695e7dd5cdf3e180604530ed33b4",
      "name": "python3-3.13.8",
      "pname": "python3",
      "rev": "b3d51a0365f6695e7dd5cdf3e180604530ed33b4",
      "rev_count": 888552,
      "rev_date": "2025-11-02T19:18:41Z",
      "scrape_date": "2025-11-05T16:29:59.207269Z",
      "stabilities": [
        "unstable"
      ],
      "unfree": false,
      "version": "3.13.8",
      "outputs_to_install": [
        "out"
      ],
      "outputs": {
        "debug": "/nix/store/53m4xy9yaar25rc2g85fb3qvjxnwfhq5-python3-3.13.8-debug",
        "out": "/nix/store/m0b67b3lmjcxa8aplpl75qpb26gr5vsf-python3-3.13.8"
      },
      "system": "aarch64-linux",
      "group": "toplevel",
      "priority": 5
    },
    {
      "attr_path": "python3",
      "broken": false,
      "derivation": "/nix/store/hgr3c3s4dq87qdzbyb0rqw2cz7yxnqgr-python3-3.13.8.drv",
      "description": "High-level dynamically-typed programming language",
      "install_id": "python3",
      "license": "Python-2.0",
      "locked_url": "https://github.com/flox/nixpkgs?rev=b3d51a0365f6695e7dd5cdf3e180604530ed33b4",
      "name": "python3-3.13.8",
      "pname": "python3",
      "rev": "b3d51a0365f6695e7dd5cdf3e180604530ed33b4",
      "rev_count": 888552,
      "rev_date": "2025-11-02T19:18:41Z",
      "scrape_date": "2025-11-05T16:55:36.404976Z",
      "stabilities": [
        "unstable"
      ],
      "unfree": false,
      "version": "3.13.8",
      "outputs_to_install": [
        "out"
      ],
      "outputs": {
        "out": "/nix/store/ddvx7n1y63g4i9bg0bim3r4ick1cc8x9-python3-3.13.8"
      },
      "system": "x86_64-darwin",
      "group": "toplevel",
      "priority": 5
    },
    {
      "attr_path": "python3",
      "broken": false,
      "derivation": "/nix/store/nd0m36nc8xf05cdb9pi4jjyqsk1xzgxv-python3-3.13.8.drv",
      "description": "High-level dynamically-typed programming language",
      "install_id": "python3",
      "license": "Python-2.0",
      "locked_url": "https://github.com/flox/nixpkgs?rev=b3d51a0365f6695e7dd5cdf3e180604530ed33b4",
      "name": "python3-3.13.8",
      "pname": "python3",
      "rev": "b3d51a0365f6695e7dd5cdf3e180604530ed33b4",
      "rev_count": 888552,
      "rev_date": "2025-11-02T19:18:41Z",
      "scrape_date": "2025-11-05T17:21:54.126584Z",
      "stabilities": [
        "unstable"
      ],
      "unfree": false,
      "version": "3.13.8",
      "outputs_to_install": [
        "out"
      ],
      "outputs": {
        "debug": "/nix/store/ckj4gnblikbb37gvydggaicw6f0kmcx3-python3-3.13.8-debug",
        "out": "/nix/store/cfapjd2rvqrpry4grb0kljnp8bvnvfxz-python3-3.13.8"
      },
      "system": "x86_64-linux",
      "group": "toplevel",
      "priority": 5
    },
    {
      "attr_path": "uv",
      "broken": false,
      "derivation": "/nix/store/gdwhs1agkjqcwvf2lp1819r37223myb7-uv-0.8.23.drv",
      "description": "Extremely fast Python package installer and resolver, written in Rust",
      "install_id": "uv",
      "license": "[ Apache-2.0, MIT ]",
      "locked_url": "https://github.com/flox/nixpkgs?rev=b3d51a0365f6695e7dd5cdf3e180604530ed33b4",
      "name": "uv-0.8.23",
      "pname": "uv",
      "rev": "b3d51a0365f6695e7dd5cdf3e180604530ed33b4",
      "rev_count": 888552,
      "rev_date": "2025-11-02T19:18:41Z",
      "scrape_date": "2025-11-04T00:37:39.426966Z",
      "stabilities": [
        "unstable"
      ],
      "unfree": false,
      "version": "0.8.23",
      "outputs_to_install": [
        "out"
      ],
      "outputs": {
        "out": "/nix/store/3q234qjj0cvdb8yjaiq64gk2q7r1nwcx-uv-0.8.23"
      },
      "system": "aarch64-darwin",
      "group": "toplevel",
      "priority": 5
    },
    {
      "attr_path": "uv",
      "broken": false,
      "derivation": "/nix/store/n2z9jrgjrzc7qwmkbz8gas7s64c2gnwh-uv-0.8.23.drv",
      "description": "Extremely fast Python package installer and resolver, written in Rust",
      "install_id": "uv",
      "license": "[ Apache-2.0, MIT ]",
      "locked_url": "https://github.com/flox/nixpkgs?rev=b3d51a0365f6695e7dd5cdf3e180604530ed33b4",
      "name": "uv-0.8.23",
      "pname": "uv",
      "rev": "b3d51a0365f6695e7dd5cdf3e180604530ed33b4",
      "rev_count": 888552,
      "rev_date": "2025-11-02T19:18:41Z",
      "scrape_date": "2025-11-05T16:32:06.863960Z",
      "stabilities": [
        "unstable"
      ],
      "unfree": false,
      "version": "0.8.23",
      "outputs_to_install": [
        "out"
      ],
      "outputs": {
        "out": "/nix/store/ymbshk79amchwmhvnh8xh5f1608a3p80-uv-0.8.23"
      },
      "system": "aarch64-linux",
      "group": "toplevel",
      "priority": 5
    },
    {
      "attr_path": "uv",
      "broken": false,
      "derivation": "/nix/store/sgkrry1qcip83fwplpa1v7i7alv809in-uv-0.8.23.drv",
      "description": "Extremely fast Python package installer and resolver, written in Rust",
      "install_id": "uv",
      "license": "[ Apache-2.0, MIT ]",
      "locked_url": "https://github.com/flox/nixpkgs?rev=b3d51a0365f6695e7dd5cdf3e180604530ed33b4",
      "name": "uv-0.8.23",
      "pname": "uv",
      "rev": "b3d51a0365f6695e7dd5cdf3e180604530ed33b4",
      "rev_count": 888552,
      "rev_date": "2025-11-02T19:18:41Z",
      "scrape_date": "2025-11-05T16:57:12.042584Z",
      "stabilities": [
        "unstable"
      ],
      "unfree": false,
      "version": "0.8.23",
      "outputs_to_install": [
        "out"
      ],
      "outputs": {
        "out": "/nix/store/lnl1zz7f97pqj6bqzqpglf0lhgcy5pk0-uv-0.8.23"
      },
      "system": "x86_64-darwin",
      "group": "toplevel",
      "priority": 5
    },
    {
      "attr_path": "uv",
      "broken": false,
      "derivation": "/nix/store/d4xl0ip2nr9diprwv6grvkwdh14ai4xd-uv-0.8.23.drv",
      "description": "Extremely fast Python package installer and resolver, written in Rust",
      "install_id": "uv",
      "license": "[ Apache-2.0, MIT ]",
      "locked_url": "https://github.com/flox/nixpkgs?rev=b3d51a0365f6695e7dd5cdf3e180604530ed33b4",
      "name": "uv-0.8.23",
      "pname": "uv",
      "rev": "b3d51a0365f6695e7dd5cdf3e180604530ed33b4",
      "rev_count": 888552,
      "rev_date": "2025-11-02T19:18:41Z",
      "scrape_date": "2025-11-05T17:24:14.572070Z",
      "stabilities": [
        "unstable"
      ],
      "unfree": false,
      "version": "0.8.23",
      "outputs_to_install": [
        "out"
      ],
      "outputs": {
        "out": "/nix/store/n6chrdybb91npp8gvf8mjk55smx4sn8s-uv-0.8.23"
      },
      "system": "x86_64-linux",
      "group": "toplevel",
      "priority": 5
    }
  ]
}
